
Microsoft Visual Studio Solution File, Format Version 12.00
# Visual Studio Version 17
VisualStudioVersion = 17.4.33103.184
MinimumVisualStudioVersion = 10.0.40219.1
Project("{FAE04EC0-301F-11D3-BF4B-00C04F79EFBC}") = "ToDoDemo", "Todo\ToDoDemo.csproj", "{C7DD2AEF-8D2A-4E94-909F-CAC3165C07BC}"
EndProject
Global
	GlobalSection(SolutionConfigurationPlatforms) = preSolution
		Debug|Any CPU = Debug|Any CPU
		Release|Any CPU = Release|Any CPU
	EndGlobalSection
	GlobalSection(ProjectConfigurationPlatforms) = postSolution
		{C7DD2AEF-8D2A-4E94-909F-CAC3165C07BC}.Debug|Any CPU.ActiveCfg = Debug|Any CPU
		{C7DD2AEF-8D2A-4E94-909F-CAC3165C07BC}.Debug|Any CPU.Build.0 = Debug|Any CPU
		{C7DD2AEF-8D2A-4E94-909F-CAC3165C07BC}.Release|Any CPU.ActiveCfg = Release|Any CPU
		{C7DD2AEF-8D2A-4E94-909F-CAC3165C07BC}.Release|Any CPU.Build.0 = Release|Any CPU
	EndGlobalSection
	GlobalSection(SolutionProperties) = preSolution
		HideSolutionNode = FALSE
	EndGlobalSection
	GlobalSection(ExtensibilityGlobals) = postSolution
		SolutionGuid = {73BF5606-AA89-4884-98E4-AFCA60F5BE59}
	EndGlobalSection
EndGlobal
